
Microsoft Visual Studio Solution File, Format Version 12.00
# Visual Studio Version 16
VisualStudioVersion = 16.0.29728.190
MinimumVisualStudioVersion = 10.0.40219.1
Project("{FAE04EC0-301F-11D3-BF4B-00C04F79EFBC}") = "SystemExtensions", "SystemExtensions\SystemExtensions.csproj", "{7898D0EC-B96B-4AAD-8FE3-B281E19668EF}"
EndProject
Project("{FAE04EC0-301F-11D3-BF4B-00C04F79EFBC}") = "SystemExtensions.Test", "SystemExtensions.Test\SystemExtensions.Test.csproj", "{1AA8F22F-300C-430E-8785-CB3AF7B5407F}"
EndProject
Global
	GlobalSection(SolutionConfigurationPlatforms) = preSolution
		Debug|Any CPU = Debug|Any CPU
		Release|Any CPU = Release|Any CPU
	EndGlobalSection
	GlobalSection(ProjectConfigurationPlatforms) = postSolution
		{7898D0EC-B96B-4AAD-8FE3-B281E19668EF}.Debug|Any CPU.ActiveCfg = Debug|Any CPU
		{7898D0EC-B96B-4AAD-8FE3-B281E19668EF}.Debug|Any CPU.Build.0 = Debug|Any CPU
		{7898D0EC-B96B-4AAD-8FE3-B281E19668EF}.Release|Any CPU.ActiveCfg = Release|Any CPU
		{7898D0EC-B96B-4AAD-8FE3-B281E19668EF}.Release|Any CPU.Build.0 = Release|Any CPU
		{1AA8F22F-300C-430E-8785-CB3AF7B5407F}.Debug|Any CPU.ActiveCfg = Debug|Any CPU
		{1AA8F22F-300C-430E-8785-CB3AF7B5407F}.Debug|Any CPU.Build.0 = Debug|Any CPU
		{1AA8F22F-300C-430E-8785-CB3AF7B5407F}.Release|Any CPU.ActiveCfg = Release|Any CPU
		{1AA8F22F-300C-430E-8785-CB3AF7B5407F}.Release|Any CPU.Build.0 = Release|Any CPU
	EndGlobalSection
	GlobalSection(SolutionProperties) = preSolution
		HideSolutionNode = FALSE
	EndGlobalSection
	GlobalSection(ExtensibilityGlobals) = postSolution
		SolutionGuid = {3CF61EEE-0C56-46E2-8D74-4CE14D985CD9}
	EndGlobalSection
EndGlobal
